
Microsoft Visual Studio Solution File, Format Version 12.00
# Visual Studio Version 16
VisualStudioVersion = 16.0.29411.108
MinimumVisualStudioVersion = 10.0.40219.1
Project("{9092AA53-FB77-4645-B42D-1CCCA6BD08BD}") = "NodejsWebApp1", "NodejsWebApp1.njsproj", "{437C49A4-2039-49EE-88A7-643B99A21F0E}"
EndProject
Global
	GlobalSection(SolutionConfigurationPlatforms) = preSolution
		Debug|Any CPU = Debug|Any CPU
		Release|Any CPU = Release|Any CPU
	EndGlobalSection
	GlobalSection(ProjectConfigurationPlatforms) = postSolution
		{437C49A4-2039-49EE-88A7-643B99A21F0E}.Debug|Any CPU.ActiveCfg = Debug|Any CPU
		{437C49A4-2039-49EE-88A7-643B99A21F0E}.Debug|Any CPU.Build.0 = Debug|Any CPU
		{437C49A4-2039-49EE-88A7-643B99A21F0E}.Release|Any CPU.ActiveCfg = Release|Any CPU
		{437C49A4-2039-49EE-88A7-643B99A21F0E}.Release|Any CPU.Build.0 = Release|Any CPU
	EndGlobalSection
	GlobalSection(SolutionProperties) = preSolution
		HideSolutionNode = FALSE
	EndGlobalSection
	GlobalSection(ExtensibilityGlobals) = postSolution
		SolutionGuid = {0791585C-8715-4327-9740-65D0B66C67C3}
	EndGlobalSection
EndGlobal
